{
  "object": {
    "pins": [
      {
        "package": "Domains",
        "repositoryURL": "https://github.com/privacy-inc/domains.git",
        "state": {
          "branch": "main",
          "revision": "433c49654ef0e5253f39fd5abdace1996dc32844",
          "version": null
        }
      },
      {
        "package": "Archivable",
        "repositoryURL": "https://github.com/archivable/package.git",
        "state": {
          "branch": "main",
          "revision": "b0feed4a329b28e14cf39d5279e468a9e717d9dd",
          "version": null
        }
      }
    ]
  },
  "version": 1
}
