{
  "object": {
    "pins": [
      {
        "package": "Domains",
        "repositoryURL": "https://github.com/privacy-inc/domains.git",
        "state": {
          "branch": "main",
          "revision": "37fe0a1d52c04c01da6aa4a17eda1949abbd77dc",
          "version": null
        }
      },
      {
        "package": "Archivable",
        "repositoryURL": "https://github.com/archivable/package.git",
        "state": {
          "branch": "main",
          "revision": "4c3b024ffa2de7cadd0702cf0b91d67c904272f1",
          "version": null
        }
      }
    ]
  },
  "version": 1
}
